
Microsoft Visual Studio Solution File, Format Version 12.00
# Visual Studio Version 16
VisualStudioVersion = 16.0.31729.503
MinimumVisualStudioVersion = 10.0.40219.1
Project("{9092AA53-FB77-4645-B42D-1CCCA6BD08BD}") = "CSTEM", "CSTEM.njsproj", "{49D66740-71CC-4489-A65A-66E3ED5894FD}"
EndProject
Global
	GlobalSection(SolutionConfigurationPlatforms) = preSolution
		Debug|Any CPU = Debug|Any CPU
		Release|Any CPU = Release|Any CPU
	EndGlobalSection
	GlobalSection(ProjectConfigurationPlatforms) = postSolution
		{49D66740-71CC-4489-A65A-66E3ED5894FD}.Debug|Any CPU.ActiveCfg = Debug|Any CPU
		{49D66740-71CC-4489-A65A-66E3ED5894FD}.Debug|Any CPU.Build.0 = Debug|Any CPU
		{49D66740-71CC-4489-A65A-66E3ED5894FD}.Release|Any CPU.ActiveCfg = Release|Any CPU
		{49D66740-71CC-4489-A65A-66E3ED5894FD}.Release|Any CPU.Build.0 = Release|Any CPU
	EndGlobalSection
	GlobalSection(SolutionProperties) = preSolution
		HideSolutionNode = FALSE
	EndGlobalSection
	GlobalSection(ExtensibilityGlobals) = postSolution
		SolutionGuid = {A5B78031-C625-4E96-B667-A208D06B6E86}
	EndGlobalSection
EndGlobal
